
Microsoft Visual Studio Solution File, Format Version 12.00
# Visual Studio Version 17
VisualStudioVersion = 17.11.35208.52
MinimumVisualStudioVersion = 10.0.40219.1
Project("{FAE04EC0-301F-11D3-BF4B-00C04F79EFBC}") = "Project_Final", "Project_Final\Project_Final.csproj", "{AAF22FFF-5179-4436-A954-36C76ED6C651}"
EndProject
Global
	GlobalSection(SolutionConfigurationPlatforms) = preSolution
		Debug|Any CPU = Debug|Any CPU
		Release|Any CPU = Release|Any CPU
	EndGlobalSection
	GlobalSection(ProjectConfigurationPlatforms) = postSolution
		{AAF22FFF-5179-4436-A954-36C76ED6C651}.Debug|Any CPU.ActiveCfg = Debug|Any CPU
		{AAF22FFF-5179-4436-A954-36C76ED6C651}.Debug|Any CPU.Build.0 = Debug|Any CPU
		{AAF22FFF-5179-4436-A954-36C76ED6C651}.Release|Any CPU.ActiveCfg = Release|Any CPU
		{AAF22FFF-5179-4436-A954-36C76ED6C651}.Release|Any CPU.Build.0 = Release|Any CPU
	EndGlobalSection
	GlobalSection(SolutionProperties) = preSolution
		HideSolutionNode = FALSE
	EndGlobalSection
	GlobalSection(ExtensibilityGlobals) = postSolution
		SolutionGuid = {B3BC1C2A-F178-4779-95F6-23BC0DF28FED}
	EndGlobalSection
EndGlobal
